
Microsoft Visual Studio Solution File, Format Version 12.00
# Visual Studio Version 16
VisualStudioVersion = 16.0.30907.101
MinimumVisualStudioVersion = 10.0.40219.1
Project("{FAE04EC0-301F-11D3-BF4B-00C04F79EFBC}") = "EF", "EF\EF.csproj", "{8C2B64E7-4FC8-4BA0-BB90-4ADDFD35BF80}"
EndProject
Project("{FAE04EC0-301F-11D3-BF4B-00C04F79EFBC}") = "Shop", "Shop\Shop.csproj", "{90449A2D-2242-46BF-9E39-FFE10BE2E856}"
EndProject
Global
	GlobalSection(SolutionConfigurationPlatforms) = preSolution
		Debug|Any CPU = Debug|Any CPU
		Release|Any CPU = Release|Any CPU
	EndGlobalSection
	GlobalSection(ProjectConfigurationPlatforms) = postSolution
		{8C2B64E7-4FC8-4BA0-BB90-4ADDFD35BF80}.Debug|Any CPU.ActiveCfg = Debug|Any CPU
		{8C2B64E7-4FC8-4BA0-BB90-4ADDFD35BF80}.Debug|Any CPU.Build.0 = Debug|Any CPU
		{8C2B64E7-4FC8-4BA0-BB90-4ADDFD35BF80}.Release|Any CPU.ActiveCfg = Release|Any CPU
		{8C2B64E7-4FC8-4BA0-BB90-4ADDFD35BF80}.Release|Any CPU.Build.0 = Release|Any CPU
		{90449A2D-2242-46BF-9E39-FFE10BE2E856}.Debug|Any CPU.ActiveCfg = Debug|Any CPU
		{90449A2D-2242-46BF-9E39-FFE10BE2E856}.Debug|Any CPU.Build.0 = Debug|Any CPU
		{90449A2D-2242-46BF-9E39-FFE10BE2E856}.Release|Any CPU.ActiveCfg = Release|Any CPU
		{90449A2D-2242-46BF-9E39-FFE10BE2E856}.Release|Any CPU.Build.0 = Release|Any CPU
	EndGlobalSection
	GlobalSection(SolutionProperties) = preSolution
		HideSolutionNode = FALSE
	EndGlobalSection
	GlobalSection(ExtensibilityGlobals) = postSolution
		SolutionGuid = {5C5B6DD3-F8B0-458F-8110-9A9ABD4F0F08}
	EndGlobalSection
EndGlobal
